// !$*UTF8*$!
{
	archiveVersion = 1;
	classes = {
	};
	objectVersion = 56;
	objects = {

/* Begin PBXBuildFile section */
		7F10DC6C2B5131AF0093F8F0 /* LeaderboardPage.swift in Sources */ = {isa = PBXBuildFile; fileRef = 7F10DC6B2B5131AF0093F8F0 /* LeaderboardPage.swift */; };
		7F10DC6E2B513BD10093F8F0 /* LocationManager.swift in Sources */ = {isa = PBXBuildFile; fileRef = 7F10DC6D2B513BD10093F8F0 /* LocationManager.swift */; };
		7F18722A2B6A4B430016DBE9 /* CurrentPickup.swift in Sources */ = {isa = PBXBuildFile; fileRef = 7F1872292B6A4B430016DBE9 /* CurrentPickup.swift */; };
		7F1AAC4F2B53E64A008AFDAA /* PickupData.swift in Sources */ = {isa = PBXBuildFile; fileRef = 7F1AAC4E2B53E64A008AFDAA /* PickupData.swift */; };
		7F3E9CD42B57953B005A0019 /* ImagePicker.swift in Sources */ = {isa = PBXBuildFile; fileRef = 7F3E9CD32B57953B005A0019 /* ImagePicker.swift */; };
		7F50B2832B6D941C00809354 /* Auth in Frameworks */ = {isa = PBXBuildFile; productRef = 7F50B2822B6D941C00809354 /* Auth */; };
		7F50B2852B6D941C00809354 /* Functions in Frameworks */ = {isa = PBXBuildFile; productRef = 7F50B2842B6D941C00809354 /* Functions */; };
		7F50B2872B6D941C00809354 /* PostgREST in Frameworks */ = {isa = PBXBuildFile; productRef = 7F50B2862B6D941C00809354 /* PostgREST */; };
		7F50B2892B6D941C00809354 /* Realtime in Frameworks */ = {isa = PBXBuildFile; productRef = 7F50B2882B6D941C00809354 /* Realtime */; };
		7F50B28B2B6D941C00809354 /* Storage in Frameworks */ = {isa = PBXBuildFile; productRef = 7F50B28A2B6D941C00809354 /* Storage */; };
		7F50B28D2B6D941C00809354 /* Supabase in Frameworks */ = {isa = PBXBuildFile; productRef = 7F50B28C2B6D941C00809354 /* Supabase */; };
		7F50B28F2B6D944200809354 /* SigningAPIs.swift in Sources */ = {isa = PBXBuildFile; fileRef = 7F50B28E2B6D944200809354 /* SigningAPIs.swift */; };
		7F50B29A2B6D9B6900809354 /* Schema.swift in Sources */ = {isa = PBXBuildFile; fileRef = 7F50B2992B6D9B6900809354 /* Schema.swift */; };
		7F7310C52B4FA834000E3474 /* SigninPage.swift in Sources */ = {isa = PBXBuildFile; fileRef = 7F7310C42B4FA834000E3474 /* SigninPage.swift */; };
		7F9070EA2B6D7162002A7798 /* PastOrders.swift in Sources */ = {isa = PBXBuildFile; fileRef = 7F9070E92B6D7162002A7798 /* PastOrders.swift */; };
		7F9070EC2B6D81DA002A7798 /* SignupPage.swift in Sources */ = {isa = PBXBuildFile; fileRef = 7F9070EB2B6D81DA002A7798 /* SignupPage.swift */; };
		7F9070EF2B6D8EAC002A7798 /* SuperBase.swift in Sources */ = {isa = PBXBuildFile; fileRef = 7F9070EE2B6D8EAC002A7798 /* SuperBase.swift */; };
		7FA1CB172B6F7945005D8D83 /* LoadingPage.swift in Sources */ = {isa = PBXBuildFile; fileRef = 7FA1CB162B6F7945005D8D83 /* LoadingPage.swift */; };
		7FB458452B83DB50007B5791 /* HelpPage.swift in Sources */ = {isa = PBXBuildFile; fileRef = 7FB458442B83DB50007B5791 /* HelpPage.swift */; };
		7FB458472B83E2BE007B5791 /* RequestAPIs.swift in Sources */ = {isa = PBXBuildFile; fileRef = 7FB458462B83E2BE007B5791 /* RequestAPIs.swift */; };
		7FE020D82B4E4CF7005937FD /* GreenwealthApp.swift in Sources */ = {isa = PBXBuildFile; fileRef = 7FE020D72B4E4CF7005937FD /* GreenwealthApp.swift */; };
		7FE020DA2B4E4CF7005937FD /* ContentView.swift in Sources */ = {isa = PBXBuildFile; fileRef = 7FE020D92B4E4CF7005937FD /* ContentView.swift */; };
		7FE020DC2B4E4CF7005937FD /* Assets.xcassets in Resources */ = {isa = PBXBuildFile; fileRef = 7FE020DB2B4E4CF7005937FD /* Assets.xcassets */; };
		7FE020DF2B4E4CF7005937FD /* Preview Assets.xcassets in Resources */ = {isa = PBXBuildFile; fileRef = 7FE020DE2B4E4CF7005937FD /* Preview Assets.xcassets */; };
		7FE021412B4E5B40005937FD /* HomePage.swift in Sources */ = {isa = PBXBuildFile; fileRef = 7FE021402B4E5B40005937FD /* HomePage.swift */; };
		7FE021432B4E5B9B005937FD /* ProfilePage.swift in Sources */ = {isa = PBXBuildFile; fileRef = 7FE021422B4E5B9B005937FD /* ProfilePage.swift */; };
		7FE021452B4E69C2005937FD /* LaunchPage.swift in Sources */ = {isa = PBXBuildFile; fileRef = 7FE021442B4E69C2005937FD /* LaunchPage.swift */; };
		7FE021492B4E6B4B005937FD /* Navbar.swift in Sources */ = {isa = PBXBuildFile; fileRef = 7FE021482B4E6B4B005937FD /* Navbar.swift */; };
		7FE0214B2B4E7497005937FD /* ItemSelect.swift in Sources */ = {isa = PBXBuildFile; fileRef = 7FE0214A2B4E7497005937FD /* ItemSelect.swift */; };
		7FE0214D2B4E8EC8005937FD /* SlotSelect.swift in Sources */ = {isa = PBXBuildFile; fileRef = 7FE0214C2B4E8EC8005937FD /* SlotSelect.swift */; };
		7FE0214F2B4EA17E005937FD /* AddressSelect.swift in Sources */ = {isa = PBXBuildFile; fileRef = 7FE0214E2B4EA17E005937FD /* AddressSelect.swift */; };
		7FE021512B4EACB4005937FD /* PhotoCapture.swift in Sources */ = {isa = PBXBuildFile; fileRef = 7FE021502B4EACB4005937FD /* PhotoCapture.swift */; };
		7FE021532B4EB2C3005937FD /* SuccessPage.swift in Sources */ = {isa = PBXBuildFile; fileRef = 7FE021522B4EB2C3005937FD /* SuccessPage.swift */; };
		7FE77AA22B6F88EE0091BB17 /* PickupAPIs.swift in Sources */ = {isa = PBXBuildFile; fileRef = 7FE77AA12B6F88EE0091BB17 /* PickupAPIs.swift */; };
		7FE77AA42B701B3E0091BB17 /* EmptyPage.swift in Sources */ = {isa = PBXBuildFile; fileRef = 7FE77AA32B701B3E0091BB17 /* EmptyPage.swift */; };
		7FFD59C52B8091B1004E629F /* Tabbar.swift in Sources */ = {isa = PBXBuildFile; fileRef = 7FFD59C42B8091B1004E629F /* Tabbar.swift */; };
		7FFD59C72B809E67004E629F /* Dashboard.swift in Sources */ = {isa = PBXBuildFile; fileRef = 7FFD59C62B809E67004E629F /* Dashboard.swift */; };
/* End PBXBuildFile section */

/* Begin PBXContainerItemProxy section */
		7FE020E52B4E4CF8005937FD /* PBXContainerItemProxy */ = {
			isa = PBXContainerItemProxy;
			containerPortal = 7FE020CC2B4E4CF7005937FD /* Project object */;
			proxyType = 1;
			remoteGlobalIDString = 7FE020D32B4E4CF7005937FD;
			remoteInfo = Greenwealth;
		};
		7FE020EF2B4E4CF8005937FD /* PBXContainerItemProxy */ = {
			isa = PBXContainerItemProxy;
			containerPortal = 7FE020CC2B4E4CF7005937FD /* Project object */;
			proxyType = 1;
			remoteGlobalIDString = 7FE020D32B4E4CF7005937FD;
			remoteInfo = Greenwealth;
		};
/* End PBXContainerItemProxy section */

/* Begin PBXFileReference section */
		7F10DC6B2B5131AF0093F8F0 /* LeaderboardPage.swift */ = {isa = PBXFileReference; lastKnownFileType = sourcecode.swift; path = LeaderboardPage.swift; sourceTree = "<group>"; };
		7F10DC6D2B513BD10093F8F0 /* LocationManager.swift */ = {isa = PBXFileReference; lastKnownFileType = sourcecode.swift; path = LocationManager.swift; sourceTree = "<group>"; };
		7F1872292B6A4B430016DBE9 /* CurrentPickup.swift */ = {isa = PBXFileReference; lastKnownFileType = sourcecode.swift; path = CurrentPickup.swift; sourceTree = "<group>"; };
		7F1AAC4E2B53E64A008AFDAA /* PickupData.swift */ = {isa = PBXFileReference; lastKnownFileType = sourcecode.swift; path = PickupData.swift; sourceTree = "<group>"; };
		7F3E9CD32B57953B005A0019 /* ImagePicker.swift */ = {isa = PBXFileReference; lastKnownFileType = sourcecode.swift; path = ImagePicker.swift; sourceTree = "<group>"; };
		7F50B28E2B6D944200809354 /* SigningAPIs.swift */ = {isa = PBXFileReference; lastKnownFileType = sourcecode.swift; path = SigningAPIs.swift; sourceTree = "<group>"; };
		7F50B2972B6D984300809354 /* Info.plist */ = {isa = PBXFileReference; fileEncoding = 4; lastKnownFileType = text.plist.xml; path = Info.plist; sourceTree = "<group>"; };
		7F50B2992B6D9B6900809354 /* Schema.swift */ = {isa = PBXFileReference; lastKnownFileType = sourcecode.swift; path = Schema.swift; sourceTree = "<group>"; };
		7F7310C42B4FA834000E3474 /* SigninPage.swift */ = {isa = PBXFileReference; lastKnownFileType = sourcecode.swift; path = SigninPage.swift; sourceTree = "<group>"; };
		7F9070E92B6D7162002A7798 /* PastOrders.swift */ = {isa = PBXFileReference; lastKnownFileType = sourcecode.swift; path = PastOrders.swift; sourceTree = "<group>"; };
		7F9070EB2B6D81DA002A7798 /* SignupPage.swift */ = {isa = PBXFileReference; lastKnownFileType = sourcecode.swift; path = SignupPage.swift; sourceTree = "<group>"; };
		7F9070EE2B6D8EAC002A7798 /* SuperBase.swift */ = {isa = PBXFileReference; lastKnownFileType = sourcecode.swift; path = SuperBase.swift; sourceTree = "<group>"; };
		7FA1CB162B6F7945005D8D83 /* LoadingPage.swift */ = {isa = PBXFileReference; lastKnownFileType = sourcecode.swift; path = LoadingPage.swift; sourceTree = "<group>"; };
		7FB458442B83DB50007B5791 /* HelpPage.swift */ = {isa = PBXFileReference; lastKnownFileType = sourcecode.swift; path = HelpPage.swift; sourceTree = "<group>"; };
		7FB458462B83E2BE007B5791 /* RequestAPIs.swift */ = {isa = PBXFileReference; lastKnownFileType = sourcecode.swift; path = RequestAPIs.swift; sourceTree = "<group>"; };
		7FE020D42B4E4CF7005937FD /* Greenwealth.app */ = {isa = PBXFileReference; explicitFileType = wrapper.application; includeInIndex = 0; path = Greenwealth.app; sourceTree = BUILT_PRODUCTS_DIR; };
		7FE020D72B4E4CF7005937FD /* GreenwealthApp.swift */ = {isa = PBXFileReference; lastKnownFileType = sourcecode.swift; path = GreenwealthApp.swift; sourceTree = "<group>"; };
		7FE020D92B4E4CF7005937FD /* ContentView.swift */ = {isa = PBXFileReference; lastKnownFileType = sourcecode.swift; path = ContentView.swift; sourceTree = "<group>"; };
		7FE020DB2B4E4CF7005937FD /* Assets.xcassets */ = {isa = PBXFileReference; lastKnownFileType = folder.assetcatalog; path = Assets.xcassets; sourceTree = "<group>"; };
		7FE020DE2B4E4CF7005937FD /* Preview Assets.xcassets */ = {isa = PBXFileReference; lastKnownFileType = folder.assetcatalog; path = "Preview Assets.xcassets"; sourceTree = "<group>"; };
		7FE020E42B4E4CF8005937FD /* GreenwealthTests.xctest */ = {isa = PBXFileReference; explicitFileType = wrapper.cfbundle; includeInIndex = 0; path = GreenwealthTests.xctest; sourceTree = BUILT_PRODUCTS_DIR; };
		7FE020EE2B4E4CF8005937FD /* GreenwealthUITests.xctest */ = {isa = PBXFileReference; explicitFileType = wrapper.cfbundle; includeInIndex = 0; path = GreenwealthUITests.xctest; sourceTree = BUILT_PRODUCTS_DIR; };
		7FE021402B4E5B40005937FD /* HomePage.swift */ = {isa = PBXFileReference; lastKnownFileType = sourcecode.swift; path = HomePage.swift; sourceTree = "<group>"; };
		7FE021422B4E5B9B005937FD /* ProfilePage.swift */ = {isa = PBXFileReference; lastKnownFileType = sourcecode.swift; path = ProfilePage.swift; sourceTree = "<group>"; };
		7FE021442B4E69C2005937FD /* LaunchPage.swift */ = {isa = PBXFileReference; lastKnownFileType = sourcecode.swift; path = LaunchPage.swift; sourceTree = "<group>"; };
		7FE021482B4E6B4B005937FD /* Navbar.swift */ = {isa = PBXFileReference; lastKnownFileType = sourcecode.swift; path = Navbar.swift; sourceTree = "<group>"; };
		7FE0214A2B4E7497005937FD /* ItemSelect.swift */ = {isa = PBXFileReference; lastKnownFileType = sourcecode.swift; path = ItemSelect.swift; sourceTree = "<group>"; };
		7FE0214C2B4E8EC8005937FD /* SlotSelect.swift */ = {isa = PBXFileReference; lastKnownFileType = sourcecode.swift; path = SlotSelect.swift; sourceTree = "<group>"; };
		7FE0214E2B4EA17E005937FD /* AddressSelect.swift */ = {isa = PBXFileReference; lastKnownFileType = sourcecode.swift; path = AddressSelect.swift; sourceTree = "<group>"; };
		7FE021502B4EACB4005937FD /* PhotoCapture.swift */ = {isa = PBXFileReference; lastKnownFileType = sourcecode.swift; path = PhotoCapture.swift; sourceTree = "<group>"; };
		7FE021522B4EB2C3005937FD /* SuccessPage.swift */ = {isa = PBXFileReference; lastKnownFileType = sourcecode.swift; path = SuccessPage.swift; sourceTree = "<group>"; };
		7FE77AA12B6F88EE0091BB17 /* PickupAPIs.swift */ = {isa = PBXFileReference; lastKnownFileType = sourcecode.swift; path = PickupAPIs.swift; sourceTree = "<group>"; };
		7FE77AA32B701B3E0091BB17 /* EmptyPage.swift */ = {isa = PBXFileReference; lastKnownFileType = sourcecode.swift; path = EmptyPage.swift; sourceTree = "<group>"; };
		7FFD59C42B8091B1004E629F /* Tabbar.swift */ = {isa = PBXFileReference; lastKnownFileType = sourcecode.swift; path = Tabbar.swift; sourceTree = "<group>"; };
		7FFD59C62B809E67004E629F /* Dashboard.swift */ = {isa = PBXFileReference; lastKnownFileType = sourcecode.swift; path = Dashboard.swift; sourceTree = "<group>"; };
/* End PBXFileReference section */

/* Begin PBXFrameworksBuildPhase section */
		7FE020D12B4E4CF7005937FD /* Frameworks */ = {
			isa = PBXFrameworksBuildPhase;
			buildActionMask = 2147483647;
			files = (
				7F50B2872B6D941C00809354 /* PostgREST in Frameworks */,
				7F50B2852B6D941C00809354 /* Functions in Frameworks */,
				7F50B28D2B6D941C00809354 /* Supabase in Frameworks */,
				7F50B2832B6D941C00809354 /* Auth in Frameworks */,
				7F50B28B2B6D941C00809354 /* Storage in Frameworks */,
				7F50B2892B6D941C00809354 /* Realtime in Frameworks */,
			);
			runOnlyForDeploymentPostprocessing = 0;
		};
		7FE020E12B4E4CF8005937FD /* Frameworks */ = {
			isa = PBXFrameworksBuildPhase;
			buildActionMask = 2147483647;
			files = (
			);
			runOnlyForDeploymentPostprocessing = 0;
		};
		7FE020EB2B4E4CF8005937FD /* Frameworks */ = {
			isa = PBXFrameworksBuildPhase;
			buildActionMask = 2147483647;
			files = (
			);
			runOnlyForDeploymentPostprocessing = 0;
		};
/* End PBXFrameworksBuildPhase section */

/* Begin PBXGroup section */
		7F1AAC4D2B53E61C008AFDAA /* DataModels */ = {
			isa = PBXGroup;
			children = (
				7F10DC6D2B513BD10093F8F0 /* LocationManager.swift */,
				7F1AAC4E2B53E64A008AFDAA /* PickupData.swift */,
				7F3E9CD32B57953B005A0019 /* ImagePicker.swift */,
			);
			path = DataModels;
			sourceTree = "<group>";
		};
		7F9070ED2B6D8E6B002A7798 /* Backend */ = {
			isa = PBXGroup;
			children = (
				7F9070EE2B6D8EAC002A7798 /* SuperBase.swift */,
				7F50B28E2B6D944200809354 /* SigningAPIs.swift */,
				7F50B2992B6D9B6900809354 /* Schema.swift */,
				7FE77AA12B6F88EE0091BB17 /* PickupAPIs.swift */,
				7FB458462B83E2BE007B5791 /* RequestAPIs.swift */,
			);
			path = Backend;
			sourceTree = "<group>";
		};
		7FE020CB2B4E4CF7005937FD = {
			isa = PBXGroup;
			children = (
				7FE020D62B4E4CF7005937FD /* Greenwealth */,
				7FE020D52B4E4CF7005937FD /* Products */,
			);
			sourceTree = "<group>";
		};
		7FE020D52B4E4CF7005937FD /* Products */ = {
			isa = PBXGroup;
			children = (
				7FE020D42B4E4CF7005937FD /* Greenwealth.app */,
				7FE020E42B4E4CF8005937FD /* GreenwealthTests.xctest */,
				7FE020EE2B4E4CF8005937FD /* GreenwealthUITests.xctest */,
			);
			name = Products;
			sourceTree = "<group>";
		};
		7FE020D62B4E4CF7005937FD /* Greenwealth */ = {
			isa = PBXGroup;
			children = (
				7F50B2972B6D984300809354 /* Info.plist */,
				7F9070ED2B6D8E6B002A7798 /* Backend */,
				7F1AAC4D2B53E61C008AFDAA /* DataModels */,
				7FE021012B4E4DD9005937FD /* UI */,
				7FE020D72B4E4CF7005937FD /* GreenwealthApp.swift */,
				7FE020DB2B4E4CF7005937FD /* Assets.xcassets */,
				7FE020DD2B4E4CF7005937FD /* Preview Content */,
			);
			path = Greenwealth;
			sourceTree = "<group>";
		};
		7FE020DD2B4E4CF7005937FD /* Preview Content */ = {
			isa = PBXGroup;
			children = (
				7FE020DE2B4E4CF7005937FD /* Preview Assets.xcassets */,
			);
			path = "Preview Content";
			sourceTree = "<group>";
		};
		7FE021012B4E4DD9005937FD /* UI */ = {
			isa = PBXGroup;
			children = (
				7FE021472B4E6AFB005937FD /* Pages */,
				7FE021462B4E6AED005937FD /* Components */,
			);
			path = UI;
			sourceTree = "<group>";
		};
		7FE021462B4E6AED005937FD /* Components */ = {
			isa = PBXGroup;
			children = (
				7FE021482B4E6B4B005937FD /* Navbar.swift */,
				7FE0214A2B4E7497005937FD /* ItemSelect.swift */,
				7FE0214C2B4E8EC8005937FD /* SlotSelect.swift */,
				7FE0214E2B4EA17E005937FD /* AddressSelect.swift */,
				7FE021502B4EACB4005937FD /* PhotoCapture.swift */,
				7FA1CB162B6F7945005D8D83 /* LoadingPage.swift */,
				7FE77AA32B701B3E0091BB17 /* EmptyPage.swift */,
				7FFD59C42B8091B1004E629F /* Tabbar.swift */,
			);
			path = Components;
			sourceTree = "<group>";
		};
		7FE021472B4E6AFB005937FD /* Pages */ = {
			isa = PBXGroup;
			children = (
				7FE021422B4E5B9B005937FD /* ProfilePage.swift */,
				7FE021402B4E5B40005937FD /* HomePage.swift */,
				7FE020D92B4E4CF7005937FD /* ContentView.swift */,
				7FE021442B4E69C2005937FD /* LaunchPage.swift */,
				7FE021522B4EB2C3005937FD /* SuccessPage.swift */,
				7F7310C42B4FA834000E3474 /* SigninPage.swift */,
				7F10DC6B2B5131AF0093F8F0 /* LeaderboardPage.swift */,
				7F1872292B6A4B430016DBE9 /* CurrentPickup.swift */,
				7F9070EB2B6D81DA002A7798 /* SignupPage.swift */,
				7F9070E92B6D7162002A7798 /* PastOrders.swift */,
				7FFD59C62B809E67004E629F /* Dashboard.swift */,
				7FB458442B83DB50007B5791 /* HelpPage.swift */,
			);
			path = Pages;
			sourceTree = "<group>";
		};
/* End PBXGroup section */

/* Begin PBXNativeTarget section */
		7FE020D32B4E4CF7005937FD /* Greenwealth */ = {
			isa = PBXNativeTarget;
			buildConfigurationList = 7FE020F82B4E4CF8005937FD /* Build configuration list for PBXNativeTarget "Greenwealth" */;
			buildPhases = (
				7FE020D02B4E4CF7005937FD /* Sources */,
				7FE020D12B4E4CF7005937FD /* Frameworks */,
				7FE020D22B4E4CF7005937FD /* Resources */,
			);
			buildRules = (
			);
			dependencies = (
			);
			name = Greenwealth;
			packageProductDependencies = (
				7F50B2822B6D941C00809354 /* Auth */,
				7F50B2842B6D941C00809354 /* Functions */,
				7F50B2862B6D941C00809354 /* PostgREST */,
				7F50B2882B6D941C00809354 /* Realtime */,
				7F50B28A2B6D941C00809354 /* Storage */,
				7F50B28C2B6D941C00809354 /* Supabase */,
			);
			productName = Greenwealth;
			productReference = 7FE020D42B4E4CF7005937FD /* Greenwealth.app */;
			productType = "com.apple.product-type.application";
		};
		7FE020E32B4E4CF8005937FD /* GreenwealthTests */ = {
			isa = PBXNativeTarget;
			buildConfigurationList = 7FE020FB2B4E4CF8005937FD /* Build configuration list for PBXNativeTarget "GreenwealthTests" */;
			buildPhases = (
				7FE020E02B4E4CF8005937FD /* Sources */,
				7FE020E12B4E4CF8005937FD /* Frameworks */,
				7FE020E22B4E4CF8005937FD /* Resources */,
			);
			buildRules = (
			);
			dependencies = (
				7FE020E62B4E4CF8005937FD /* PBXTargetDependency */,
			);
			name = GreenwealthTests;
			productName = GreenwealthTests;
			productReference = 7FE020E42B4E4CF8005937FD /* GreenwealthTests.xctest */;
			productType = "com.apple.product-type.bundle.unit-test";
		};
		7FE020ED2B4E4CF8005937FD /* GreenwealthUITests */ = {
			isa = PBXNativeTarget;
			buildConfigurationList = 7FE020FE2B4E4CF8005937FD /* Build configuration list for PBXNativeTarget "GreenwealthUITests" */;
			buildPhases = (
				7FE020EA2B4E4CF8005937FD /* Sources */,
				7FE020EB2B4E4CF8005937FD /* Frameworks */,
				7FE020EC2B4E4CF8005937FD /* Resources */,
			);
			buildRules = (
			);
			dependencies = (
				7FE020F02B4E4CF8005937FD /* PBXTargetDependency */,
			);
			name = GreenwealthUITests;
			productName = GreenwealthUITests;
			productReference = 7FE020EE2B4E4CF8005937FD /* GreenwealthUITests.xctest */;
			productType = "com.apple.product-type.bundle.ui-testing";
		};
/* End PBXNativeTarget section */

/* Begin PBXProject section */
		7FE020CC2B4E4CF7005937FD /* Project object */ = {
			isa = PBXProject;
			attributes = {
				BuildIndependentTargetsInParallel = 1;
				LastSwiftUpdateCheck = 1510;
				LastUpgradeCheck = 1510;
				TargetAttributes = {
					7FE020D32B4E4CF7005937FD = {
						CreatedOnToolsVersion = 15.1;
					};
					7FE020E32B4E4CF8005937FD = {
						CreatedOnToolsVersion = 15.1;
						TestTargetID = 7FE020D32B4E4CF7005937FD;
					};
					7FE020ED2B4E4CF8005937FD = {
						CreatedOnToolsVersion = 15.1;
						TestTargetID = 7FE020D32B4E4CF7005937FD;
					};
				};
			};
			buildConfigurationList = 7FE020CF2B4E4CF7005937FD /* Build configuration list for PBXProject "Greenwealth" */;
			compatibilityVersion = "Xcode 14.0";
			developmentRegion = en;
			hasScannedForEncodings = 0;
			knownRegions = (
				en,
				Base,
			);
			mainGroup = 7FE020CB2B4E4CF7005937FD;
			packageReferences = (
				7F50B2812B6D941C00809354 /* XCRemoteSwiftPackageReference "supabase-swift" */,
			);
			productRefGroup = 7FE020D52B4E4CF7005937FD /* Products */;
			projectDirPath = "";
			projectRoot = "";
			targets = (
				7FE020D32B4E4CF7005937FD /* Greenwealth */,
				7FE020E32B4E4CF8005937FD /* GreenwealthTests */,
				7FE020ED2B4E4CF8005937FD /* GreenwealthUITests */,
			);
		};
/* End PBXProject section */

/* Begin PBXResourcesBuildPhase section */
		7FE020D22B4E4CF7005937FD /* Resources */ = {
			isa = PBXResourcesBuildPhase;
			buildActionMask = 2147483647;
			files = (
				7FE020DF2B4E4CF7005937FD /* Preview Assets.xcassets in Resources */,
				7FE020DC2B4E4CF7005937FD /* Assets.xcassets in Resources */,
			);
			runOnlyForDeploymentPostprocessing = 0;
		};
		7FE020E22B4E4CF8005937FD /* Resources */ = {
			isa = PBXResourcesBuildPhase;
			buildActionMask = 2147483647;
			files = (
			);
			runOnlyForDeploymentPostprocessing = 0;
		};
		7FE020EC2B4E4CF8005937FD /* Resources */ = {
			isa = PBXResourcesBuildPhase;
			buildActionMask = 2147483647;
			files = (
			);
			runOnlyForDeploymentPostprocessing = 0;
		};
/* End PBXResourcesBuildPhase section */

/* Begin PBXSourcesBuildPhase section */
		7FE020D02B4E4CF7005937FD /* Sources */ = {
			isa = PBXSourcesBuildPhase;
			buildActionMask = 2147483647;
			files = (
				7F9070EA2B6D7162002A7798 /* PastOrders.swift in Sources */,
				7F50B28F2B6D944200809354 /* SigningAPIs.swift in Sources */,
				7FE021532B4EB2C3005937FD /* SuccessPage.swift in Sources */,
				7FE77AA22B6F88EE0091BB17 /* PickupAPIs.swift in Sources */,
				7FE0214B2B4E7497005937FD /* ItemSelect.swift in Sources */,
				7F50B29A2B6D9B6900809354 /* Schema.swift in Sources */,
				7FE020DA2B4E4CF7005937FD /* ContentView.swift in Sources */,
				7FB458472B83E2BE007B5791 /* RequestAPIs.swift in Sources */,
				7FB458452B83DB50007B5791 /* HelpPage.swift in Sources */,
				7FE021452B4E69C2005937FD /* LaunchPage.swift in Sources */,
				7F7310C52B4FA834000E3474 /* SigninPage.swift in Sources */,
				7FE021412B4E5B40005937FD /* HomePage.swift in Sources */,
				7F10DC6C2B5131AF0093F8F0 /* LeaderboardPage.swift in Sources */,
				7F9070EF2B6D8EAC002A7798 /* SuperBase.swift in Sources */,
				7FE0214F2B4EA17E005937FD /* AddressSelect.swift in Sources */,
				7F9070EC2B6D81DA002A7798 /* SignupPage.swift in Sources */,
				7FE021492B4E6B4B005937FD /* Navbar.swift in Sources */,
				7F1AAC4F2B53E64A008AFDAA /* PickupData.swift in Sources */,
				7FE77AA42B701B3E0091BB17 /* EmptyPage.swift in Sources */,
				7FFD59C52B8091B1004E629F /* Tabbar.swift in Sources */,
				7FE0214D2B4E8EC8005937FD /* SlotSelect.swift in Sources */,
				7F10DC6E2B513BD10093F8F0 /* LocationManager.swift in Sources */,
				7FA1CB172B6F7945005D8D83 /* LoadingPage.swift in Sources */,
				7FE021512B4EACB4005937FD /* PhotoCapture.swift in Sources */,
				7FFD59C72B809E67004E629F /* Dashboard.swift in Sources */,
				7F3E9CD42B57953B005A0019 /* ImagePicker.swift in Sources */,
				7FE021432B4E5B9B005937FD /* ProfilePage.swift in Sources */,
				7F18722A2B6A4B430016DBE9 /* CurrentPickup.swift in Sources */,
				7FE020D82B4E4CF7005937FD /* GreenwealthApp.swift in Sources */,
			);
			runOnlyForDeploymentPostprocessing = 0;
		};
		7FE020E02B4E4CF8005937FD /* Sources */ = {
			isa = PBXSourcesBuildPhase;
			buildActionMask = 2147483647;
			files = (
			);
			runOnlyForDeploymentPostprocessing = 0;
		};
		7FE020EA2B4E4CF8005937FD /* Sources */ = {
			isa = PBXSourcesBuildPhase;
			buildActionMask = 2147483647;
			files = (
			);
			runOnlyForDeploymentPostprocessing = 0;
		};
/* End PBXSourcesBuildPhase section */

/* Begin PBXTargetDependency section */
		7FE020E62B4E4CF8005937FD /* PBXTargetDependency */ = {
			isa = PBXTargetDependency;
			target = 7FE020D32B4E4CF7005937FD /* Greenwealth */;
			targetProxy = 7FE020E52B4E4CF8005937FD /* PBXContainerItemProxy */;
		};
		7FE020F02B4E4CF8005937FD /* PBXTargetDependency */ = {
			isa = PBXTargetDependency;
			target = 7FE020D32B4E4CF7005937FD /* Greenwealth */;
			targetProxy = 7FE020EF2B4E4CF8005937FD /* PBXContainerItemProxy */;
		};
/* End PBXTargetDependency section */

/* Begin XCBuildConfiguration section */
		7FE020F62B4E4CF8005937FD /* Debug */ = {
			isa = XCBuildConfiguration;
			buildSettings = {
				ALWAYS_SEARCH_USER_PATHS = NO;
				ASSETCATALOG_COMPILER_GENERATE_SWIFT_ASSET_SYMBOL_EXTENSIONS = YES;
				CLANG_ANALYZER_NONNULL = YES;
				CLANG_ANALYZER_NUMBER_OBJECT_CONVERSION = YES_AGGRESSIVE;
				CLANG_CXX_LANGUAGE_STANDARD = "gnu++20";
				CLANG_ENABLE_MODULES = YES;
				CLANG_ENABLE_OBJC_ARC = YES;
				CLANG_ENABLE_OBJC_WEAK = YES;
				CLANG_WARN_BLOCK_CAPTURE_AUTORELEASING = YES;
				CLANG_WARN_BOOL_CONVERSION = YES;
				CLANG_WARN_COMMA = YES;
				CLANG_WARN_CONSTANT_CONVERSION = YES;
				CLANG_WARN_DEPRECATED_OBJC_IMPLEMENTATIONS = YES;
				CLANG_WARN_DIRECT_OBJC_ISA_USAGE = YES_ERROR;
				CLANG_WARN_DOCUMENTATION_COMMENTS = YES;
				CLANG_WARN_EMPTY_BODY = YES;
				CLANG_WARN_ENUM_CONVERSION = YES;
				CLANG_WARN_INFINITE_RECURSION = YES;
				CLANG_WARN_INT_CONVERSION = YES;
				CLANG_WARN_NON_LITERAL_NULL_CONVERSION = YES;
				CLANG_WARN_OBJC_IMPLICIT_RETAIN_SELF = YES;
				CLANG_WARN_OBJC_LITERAL_CONVERSION = YES;
				CLANG_WARN_OBJC_ROOT_CLASS = YES_ERROR;
				CLANG_WARN_QUOTED_INCLUDE_IN_FRAMEWORK_HEADER = YES;
				CLANG_WARN_RANGE_LOOP_ANALYSIS = YES;
				CLANG_WARN_STRICT_PROTOTYPES = YES;
				CLANG_WARN_SUSPICIOUS_MOVE = YES;
				CLANG_WARN_UNGUARDED_AVAILABILITY = YES_AGGRESSIVE;
				CLANG_WARN_UNREACHABLE_CODE = YES;
				CLANG_WARN__DUPLICATE_METHOD_MATCH = YES;
				COPY_PHASE_STRIP = NO;
				DEBUG_INFORMATION_FORMAT = dwarf;
				ENABLE_STRICT_OBJC_MSGSEND = YES;
				ENABLE_TESTABILITY = YES;
				ENABLE_USER_SCRIPT_SANDBOXING = YES;
				GCC_C_LANGUAGE_STANDARD = gnu17;
				GCC_DYNAMIC_NO_PIC = NO;
				GCC_NO_COMMON_BLOCKS = YES;
				GCC_OPTIMIZATION_LEVEL = 0;
				GCC_PREPROCESSOR_DEFINITIONS = (
					"DEBUG=1",
					"$(inherited)",
				);
				GCC_WARN_64_TO_32_BIT_CONVERSION = YES;
				GCC_WARN_ABOUT_RETURN_TYPE = YES_ERROR;
				GCC_WARN_UNDECLARED_SELECTOR = YES;
				GCC_WARN_UNINITIALIZED_AUTOS = YES_AGGRESSIVE;
				GCC_WARN_UNUSED_FUNCTION = YES;
				GCC_WARN_UNUSED_VARIABLE = YES;
				IPHONEOS_DEPLOYMENT_TARGET = 17.2;
				LOCALIZATION_PREFERS_STRING_CATALOGS = YES;
				MTL_ENABLE_DEBUG_INFO = INCLUDE_SOURCE;
				MTL_FAST_MATH = YES;
				ONLY_ACTIVE_ARCH = YES;
				SDKROOT = iphoneos;
				SWIFT_ACTIVE_COMPILATION_CONDITIONS = "DEBUG $(inherited)";
				SWIFT_OPTIMIZATION_LEVEL = "-Onone";
			};
			name = Debug;
		};
		7FE020F72B4E4CF8005937FD /* Release */ = {
			isa = XCBuildConfiguration;
			buildSettings = {
				ALWAYS_SEARCH_USER_PATHS = NO;
				ASSETCATALOG_COMPILER_GENERATE_SWIFT_ASSET_SYMBOL_EXTENSIONS = YES;
				CLANG_ANALYZER_NONNULL = YES;
				CLANG_ANALYZER_NUMBER_OBJECT_CONVERSION = YES_AGGRESSIVE;
				CLANG_CXX_LANGUAGE_STANDARD = "gnu++20";
				CLANG_ENABLE_MODULES = YES;
				CLANG_ENABLE_OBJC_ARC = YES;
				CLANG_ENABLE_OBJC_WEAK = YES;
				CLANG_WARN_BLOCK_CAPTURE_AUTORELEASING = YES;
				CLANG_WARN_BOOL_CONVERSION = YES;
				CLANG_WARN_COMMA = YES;
				CLANG_WARN_CONSTANT_CONVERSION = YES;
				CLANG_WARN_DEPRECATED_OBJC_IMPLEMENTATIONS = YES;
				CLANG_WARN_DIRECT_OBJC_ISA_USAGE = YES_ERROR;
				CLANG_WARN_DOCUMENTATION_COMMENTS = YES;
				CLANG_WARN_EMPTY_BODY = YES;
				CLANG_WARN_ENUM_CONVERSION = YES;
				CLANG_WARN_INFINITE_RECURSION = YES;
				CLANG_WARN_INT_CONVERSION = YES;
				CLANG_WARN_NON_LITERAL_NULL_CONVERSION = YES;
				CLANG_WARN_OBJC_IMPLICIT_RETAIN_SELF = YES;
				CLANG_WARN_OBJC_LITERAL_CONVERSION = YES;
				CLANG_WARN_OBJC_ROOT_CLASS = YES_ERROR;
				CLANG_WARN_QUOTED_INCLUDE_IN_FRAMEWORK_HEADER = YES;
				CLANG_WARN_RANGE_LOOP_ANALYSIS = YES;
				CLANG_WARN_STRICT_PROTOTYPES = YES;
				CLANG_WARN_SUSPICIOUS_MOVE = YES;
				CLANG_WARN_UNGUARDED_AVAILABILITY = YES_AGGRESSIVE;
				CLANG_WARN_UNREACHABLE_CODE = YES;
				CLANG_WARN__DUPLICATE_METHOD_MATCH = YES;
				COPY_PHASE_STRIP = NO;
				DEBUG_INFORMATION_FORMAT = "dwarf-with-dsym";
				ENABLE_NS_ASSERTIONS = NO;
				ENABLE_STRICT_OBJC_MSGSEND = YES;
				ENABLE_USER_SCRIPT_SANDBOXING = YES;
				GCC_C_LANGUAGE_STANDARD = gnu17;
				GCC_NO_COMMON_BLOCKS = YES;
				GCC_WARN_64_TO_32_BIT_CONVERSION = YES;
				GCC_WARN_ABOUT_RETURN_TYPE = YES_ERROR;
				GCC_WARN_UNDECLARED_SELECTOR = YES;
				GCC_WARN_UNINITIALIZED_AUTOS = YES_AGGRESSIVE;
				GCC_WARN_UNUSED_FUNCTION = YES;
				GCC_WARN_UNUSED_VARIABLE = YES;
				IPHONEOS_DEPLOYMENT_TARGET = 17.2;
				LOCALIZATION_PREFERS_STRING_CATALOGS = YES;
				MTL_ENABLE_DEBUG_INFO = NO;
				MTL_FAST_MATH = YES;
				SDKROOT = iphoneos;
				SWIFT_COMPILATION_MODE = wholemodule;
				VALIDATE_PRODUCT = YES;
			};
			name = Release;
		};
		7FE020F92B4E4CF8005937FD /* Debug */ = {
			isa = XCBuildConfiguration;
			buildSettings = {
				ASSETCATALOG_COMPILER_APPICON_NAME = AppIcon;
				ASSETCATALOG_COMPILER_GLOBAL_ACCENT_COLOR_NAME = AccentColor;
				CODE_SIGN_STYLE = Automatic;
				CURRENT_PROJECT_VERSION = 1;
				DEVELOPMENT_ASSET_PATHS = "\"Greenwealth/Preview Content\"";
				DEVELOPMENT_TEAM = 64L99ZW2ZM;
				ENABLE_PREVIEWS = YES;
				GENERATE_INFOPLIST_FILE = YES;
				INFOPLIST_FILE = Greenwealth/Info.plist;
				INFOPLIST_KEY_LSApplicationCategoryType = "";
				INFOPLIST_KEY_NSCameraUsageDescription = "This app requires camera to capture image";
				INFOPLIST_KEY_NSLocationAlwaysUsageDescription = "this app needs Location";
				INFOPLIST_KEY_NSLocationUsageDescription = "This app needs location to get your current location";
				INFOPLIST_KEY_NSLocationWhenInUseUsageDescription = "This app needs location to find your location";
				INFOPLIST_KEY_UIApplicationSceneManifest_Generation = YES;
				INFOPLIST_KEY_UIApplicationSupportsIndirectInputEvents = YES;
				INFOPLIST_KEY_UILaunchScreen_Generation = YES;
				INFOPLIST_KEY_UISupportedInterfaceOrientations_iPad = "UIInterfaceOrientationPortrait UIInterfaceOrientationPortraitUpsideDown UIInterfaceOrientationLandscapeLeft UIInterfaceOrientationLandscapeRight";
				INFOPLIST_KEY_UISupportedInterfaceOrientations_iPhone = "UIInterfaceOrientationPortrait UIInterfaceOrientationLandscapeLeft UIInterfaceOrientationLandscapeRight";
				LD_RUNPATH_SEARCH_PATHS = (
					"$(inherited)",
					"@executable_path/Frameworks",
				);
				MARKETING_VERSION = 1.0;
				PRODUCT_BUNDLE_IDENTIFIER = Greenwealth.Greenwealth;
				PRODUCT_NAME = "$(TARGET_NAME)";
				SWIFT_EMIT_LOC_STRINGS = YES;
				SWIFT_VERSION = 5.0;
				TARGETED_DEVICE_FAMILY = "1,2";
			};
			name = Debug;
		};
		7FE020FA2B4E4CF8005937FD /* Release */ = {
			isa = XCBuildConfiguration;
			buildSettings = {
				ASSETCATALOG_COMPILER_APPICON_NAME = AppIcon;
				ASSETCATALOG_COMPILER_GLOBAL_ACCENT_COLOR_NAME = AccentColor;
				CODE_SIGN_STYLE = Automatic;
				CURRENT_PROJECT_VERSION = 1;
				DEVELOPMENT_ASSET_PATHS = "\"Greenwealth/Preview Content\"";
				DEVELOPMENT_TEAM = 64L99ZW2ZM;
				ENABLE_PREVIEWS = YES;
				GENERATE_INFOPLIST_FILE = YES;
				INFOPLIST_FILE = Greenwealth/Info.plist;
				INFOPLIST_KEY_LSApplicationCategoryType = "";
				INFOPLIST_KEY_NSCameraUsageDescription = "This app requires camera to capture image";
				INFOPLIST_KEY_NSLocationAlwaysUsageDescription = "this app needs Location";
				INFOPLIST_KEY_NSLocationUsageDescription = "This app needs location to get your current location";
				INFOPLIST_KEY_NSLocationWhenInUseUsageDescription = "This app needs location to find your location";
				INFOPLIST_KEY_UIApplicationSceneManifest_Generation = YES;
				INFOPLIST_KEY_UIApplicationSupportsIndirectInputEvents = YES;
				INFOPLIST_KEY_UILaunchScreen_Generation = YES;
				INFOPLIST_KEY_UISupportedInterfaceOrientations_iPad = "UIInterfaceOrientationPortrait UIInterfaceOrientationPortraitUpsideDown UIInterfaceOrientationLandscapeLeft UIInterfaceOrientationLandscapeRight";
				INFOPLIST_KEY_UISupportedInterfaceOrientations_iPhone = "UIInterfaceOrientationPortrait UIInterfaceOrientationLandscapeLeft UIInterfaceOrientationLandscapeRight";
				LD_RUNPATH_SEARCH_PATHS = (
					"$(inherited)",
					"@executable_path/Frameworks",
				);
				MARKETING_VERSION = 1.0;
				PRODUCT_BUNDLE_IDENTIFIER = Greenwealth.Greenwealth;
				PRODUCT_NAME = "$(TARGET_NAME)";
				SWIFT_EMIT_LOC_STRINGS = YES;
				SWIFT_VERSION = 5.0;
				TARGETED_DEVICE_FAMILY = "1,2";
			};
			name = Release;
		};
		7FE020FC2B4E4CF8005937FD /* Debug */ = {
			isa = XCBuildConfiguration;
			buildSettings = {
				ALWAYS_EMBED_SWIFT_STANDARD_LIBRARIES = YES;
				BUNDLE_LOADER = "$(TEST_HOST)";
				CODE_SIGN_STYLE = Automatic;
				CURRENT_PROJECT_VERSION = 1;
				DEVELOPMENT_TEAM = 64L99ZW2ZM;
				GENERATE_INFOPLIST_FILE = YES;
				IPHONEOS_DEPLOYMENT_TARGET = 17.2;
				MARKETING_VERSION = 1.0;
				PRODUCT_BUNDLE_IDENTIFIER = Greenwealth.GreenwealthTests;
				PRODUCT_NAME = "$(TARGET_NAME)";
				SWIFT_EMIT_LOC_STRINGS = NO;
				SWIFT_VERSION = 5.0;
				TARGETED_DEVICE_FAMILY = "1,2";
				TEST_HOST = "$(BUILT_PRODUCTS_DIR)/Greenwealth.app/$(BUNDLE_EXECUTABLE_FOLDER_PATH)/Greenwealth";
			};
			name = Debug;
		};
		7FE020FD2B4E4CF8005937FD /* Release */ = {
			isa = XCBuildConfiguration;
			buildSettings = {
				ALWAYS_EMBED_SWIFT_STANDARD_LIBRARIES = YES;
				BUNDLE_LOADER = "$(TEST_HOST)";
				CODE_SIGN_STYLE = Automatic;
				CURRENT_PROJECT_VERSION = 1;
				DEVELOPMENT_TEAM = 64L99ZW2ZM;
				GENERATE_INFOPLIST_FILE = YES;
				IPHONEOS_DEPLOYMENT_TARGET = 17.2;
				MARKETING_VERSION = 1.0;
				PRODUCT_BUNDLE_IDENTIFIER = Greenwealth.GreenwealthTests;
				PRODUCT_NAME = "$(TARGET_NAME)";
				SWIFT_EMIT_LOC_STRINGS = NO;
				SWIFT_VERSION = 5.0;
				TARGETED_DEVICE_FAMILY = "1,2";
				TEST_HOST = "$(BUILT_PRODUCTS_DIR)/Greenwealth.app/$(BUNDLE_EXECUTABLE_FOLDER_PATH)/Greenwealth";
			};
			name = Release;
		};
		7FE020FF2B4E4CF8005937FD /* Debug */ = {
			isa = XCBuildConfiguration;
			buildSettings = {
				ALWAYS_EMBED_SWIFT_STANDARD_LIBRARIES = YES;
				CODE_SIGN_STYLE = Automatic;
				CURRENT_PROJECT_VERSION = 1;
				DEVELOPMENT_TEAM = 64L99ZW2ZM;
				GENERATE_INFOPLIST_FILE = YES;
				MARKETING_VERSION = 1.0;
				PRODUCT_BUNDLE_IDENTIFIER = Greenwealth.GreenwealthUITests;
				PRODUCT_NAME = "$(TARGET_NAME)";
				SWIFT_EMIT_LOC_STRINGS = NO;
				SWIFT_VERSION = 5.0;
				TARGETED_DEVICE_FAMILY = "1,2";
				TEST_TARGET_NAME = Greenwealth;
			};
			name = Debug;
		};
		7FE021002B4E4CF8005937FD /* Release */ = {
			isa = XCBuildConfiguration;
			buildSettings = {
				ALWAYS_EMBED_SWIFT_STANDARD_LIBRARIES = YES;
				CODE_SIGN_STYLE = Automatic;
				CURRENT_PROJECT_VERSION = 1;
				DEVELOPMENT_TEAM = 64L99ZW2ZM;
				GENERATE_INFOPLIST_FILE = YES;
				MARKETING_VERSION = 1.0;
				PRODUCT_BUNDLE_IDENTIFIER = Greenwealth.GreenwealthUITests;
				PRODUCT_NAME = "$(TARGET_NAME)";
				SWIFT_EMIT_LOC_STRINGS = NO;
				SWIFT_VERSION = 5.0;
				TARGETED_DEVICE_FAMILY = "1,2";
				TEST_TARGET_NAME = Greenwealth;
			};
			name = Release;
		};
/* End XCBuildConfiguration section */

/* Begin XCConfigurationList section */
		7FE020CF2B4E4CF7005937FD /* Build configuration list for PBXProject "Greenwealth" */ = {
			isa = XCConfigurationList;
			buildConfigurations = (
				7FE020F62B4E4CF8005937FD /* Debug */,
				7FE020F72B4E4CF8005937FD /* Release */,
			);
			defaultConfigurationIsVisible = 0;
			defaultConfigurationName = Release;
		};
		7FE020F82B4E4CF8005937FD /* Build configuration list for PBXNativeTarget "Greenwealth" */ = {
			isa = XCConfigurationList;
			buildConfigurations = (
				7FE020F92B4E4CF8005937FD /* Debug */,
				7FE020FA2B4E4CF8005937FD /* Release */,
			);
			defaultConfigurationIsVisible = 0;
			defaultConfigurationName = Release;
		};
		7FE020FB2B4E4CF8005937FD /* Build configuration list for PBXNativeTarget "GreenwealthTests" */ = {
			isa = XCConfigurationList;
			buildConfigurations = (
				7FE020FC2B4E4CF8005937FD /* Debug */,
				7FE020FD2B4E4CF8005937FD /* Release */,
			);
			defaultConfigurationIsVisible = 0;
			defaultConfigurationName = Release;
		};
		7FE020FE2B4E4CF8005937FD /* Build configuration list for PBXNativeTarget "GreenwealthUITests" */ = {
			isa = XCConfigurationList;
			buildConfigurations = (
				7FE020FF2B4E4CF8005937FD /* Debug */,
				7FE021002B4E4CF8005937FD /* Release */,
			);
			defaultConfigurationIsVisible = 0;
			defaultConfigurationName = Release;
		};
/* End XCConfigurationList section */

/* Begin XCRemoteSwiftPackageReference section */
		7F50B2812B6D941C00809354 /* XCRemoteSwiftPackageReference "supabase-swift" */ = {
			isa = XCRemoteSwiftPackageReference;
			repositoryURL = "https://github.com/supabase-community/supabase-swift";
			requirement = {
				kind = upToNextMajorVersion;
				minimumVersion = 2.3.0;
			};
		};
/* End XCRemoteSwiftPackageReference section */

/* Begin XCSwiftPackageProductDependency section */
		7F50B2822B6D941C00809354 /* Auth */ = {
			isa = XCSwiftPackageProductDependency;
			package = 7F50B2812B6D941C00809354 /* XCRemoteSwiftPackageReference "supabase-swift" */;
			productName = Auth;
		};
		7F50B2842B6D941C00809354 /* Functions */ = {
			isa = XCSwiftPackageProductDependency;
			package = 7F50B2812B6D941C00809354 /* XCRemoteSwiftPackageReference "supabase-swift" */;
			productName = Functions;
		};
		7F50B2862B6D941C00809354 /* PostgREST */ = {
			isa = XCSwiftPackageProductDependency;
			package = 7F50B2812B6D941C00809354 /* XCRemoteSwiftPackageReference "supabase-swift" */;
			productName = PostgREST;
		};
		7F50B2882B6D941C00809354 /* Realtime */ = {
			isa = XCSwiftPackageProductDependency;
			package = 7F50B2812B6D941C00809354 /* XCRemoteSwiftPackageReference "supabase-swift" */;
			productName = Realtime;
		};
		7F50B28A2B6D941C00809354 /* Storage */ = {
			isa = XCSwiftPackageProductDependency;
			package = 7F50B2812B6D941C00809354 /* XCRemoteSwiftPackageReference "supabase-swift" */;
			productName = Storage;
		};
		7F50B28C2B6D941C00809354 /* Supabase */ = {
			isa = XCSwiftPackageProductDependency;
			package = 7F50B2812B6D941C00809354 /* XCRemoteSwiftPackageReference "supabase-swift" */;
			productName = Supabase;
		};
/* End XCSwiftPackageProductDependency section */
	};
	rootObject = 7FE020CC2B4E4CF7005937FD /* Project object */;
}
